
Microsoft Visual Studio Solution File, Format Version 12.00
# Visual Studio Version 17
VisualStudioVersion = 17.0.31903.59
MinimumVisualStudioVersion = 10.0.40219.1
Project("{FAE04EC0-301F-11D3-BF4B-00C04F79EFBC}") = "OrderManagementSystem.API", "OrderManagementSystem.API\OrderManagementSystem.API.csproj", "{F8621304-0440-4A9C-B20E-2C4B97E72F94}"
EndProject
Project("{FAE04EC0-301F-11D3-BF4B-00C04F79EFBC}") = "OrderManagementSystem.Data", "OrderManagementSystem.Data\OrderManagementSystem.Data.csproj", "{D6007582-3216-4614-8B4A-A20E77581CC9}"
EndProject
Project("{FAE04EC0-301F-11D3-BF4B-00C04F79EFBC}") = "OrderManagementSystem.Services", "OrderManagementSystem.Services\OrderManagementSystem.Services.csproj", "{4D96C835-7A73-4581-9850-4910CC10C512}"
EndProject
Project("{FAE04EC0-301F-11D3-BF4B-00C04F79EFBC}") = "OrderManagementSystem.Configurations", "OrderManagementSystem.Configurations\OrderManagementSystem.Configurations.csproj", "{58F7F2EB-58FE-48D5-A6FD-FFCF7E97057F}"
EndProject
Project("{2150E333-8FDC-42A3-9474-1A3956D46DE8}") = "Tests", "Tests", "{02EA681E-C7D8-13C7-8484-4AC65E1B71E8}"
EndProject
Project("{FAE04EC0-301F-11D3-BF4B-00C04F79EFBC}") = "OrderManagementSystem.Services.Tests", "Tests\OrderManagementSystem.Services.Tests\OrderManagementSystem.Services.Tests.csproj", "{1D34688B-3774-472A-B3A0-4521749EC60A}"
EndProject
Project("{FAE04EC0-301F-11D3-BF4B-00C04F79EFBC}") = "OrderManagementSystem.API.Tests", "Tests\OrderManagementSystem.API.Tests\OrderManagementSystem.API.Tests.csproj", "{35761C26-1C0C-4830-810B-6BAF5C96EC99}"
EndProject
Project("{FAE04EC0-301F-11D3-BF4B-00C04F79EFBC}") = "OrderManagementSystem.Common", "OrderManagementSystem.Common\OrderManagementSystem.Common.csproj", "{F9C85354-9771-4E64-95F5-34DA775430A2}"
EndProject
Project("{FAE04EC0-301F-11D3-BF4B-00C04F79EFBC}") = "OrderManagementSystem.Common.Tests", "Tests\OrderManagementSystem.Common.Tests\OrderManagementSystem.Common.Tests.csproj", "{A204F1C5-B3EE-4AE9-8D36-13F975B1D2D4}"
EndProject
Global
	GlobalSection(SolutionConfigurationPlatforms) = preSolution
		Debug|Any CPU = Debug|Any CPU
		Release|Any CPU = Release|Any CPU
	EndGlobalSection
	GlobalSection(ProjectConfigurationPlatforms) = postSolution
		{F8621304-0440-4A9C-B20E-2C4B97E72F94}.Debug|Any CPU.ActiveCfg = Debug|Any CPU
		{F8621304-0440-4A9C-B20E-2C4B97E72F94}.Debug|Any CPU.Build.0 = Debug|Any CPU
		{F8621304-0440-4A9C-B20E-2C4B97E72F94}.Release|Any CPU.ActiveCfg = Release|Any CPU
		{F8621304-0440-4A9C-B20E-2C4B97E72F94}.Release|Any CPU.Build.0 = Release|Any CPU
		{D6007582-3216-4614-8B4A-A20E77581CC9}.Debug|Any CPU.ActiveCfg = Debug|Any CPU
		{D6007582-3216-4614-8B4A-A20E77581CC9}.Debug|Any CPU.Build.0 = Debug|Any CPU
		{D6007582-3216-4614-8B4A-A20E77581CC9}.Release|Any CPU.ActiveCfg = Release|Any CPU
		{D6007582-3216-4614-8B4A-A20E77581CC9}.Release|Any CPU.Build.0 = Release|Any CPU
		{4D96C835-7A73-4581-9850-4910CC10C512}.Debug|Any CPU.ActiveCfg = Debug|Any CPU
		{4D96C835-7A73-4581-9850-4910CC10C512}.Debug|Any CPU.Build.0 = Debug|Any CPU
		{4D96C835-7A73-4581-9850-4910CC10C512}.Release|Any CPU.ActiveCfg = Release|Any CPU
		{4D96C835-7A73-4581-9850-4910CC10C512}.Release|Any CPU.Build.0 = Release|Any CPU
		{58F7F2EB-58FE-48D5-A6FD-FFCF7E97057F}.Debug|Any CPU.ActiveCfg = Debug|Any CPU
		{58F7F2EB-58FE-48D5-A6FD-FFCF7E97057F}.Debug|Any CPU.Build.0 = Debug|Any CPU
		{58F7F2EB-58FE-48D5-A6FD-FFCF7E97057F}.Release|Any CPU.ActiveCfg = Release|Any CPU
		{58F7F2EB-58FE-48D5-A6FD-FFCF7E97057F}.Release|Any CPU.Build.0 = Release|Any CPU
		{1D34688B-3774-472A-B3A0-4521749EC60A}.Debug|Any CPU.ActiveCfg = Debug|Any CPU
		{1D34688B-3774-472A-B3A0-4521749EC60A}.Debug|Any CPU.Build.0 = Debug|Any CPU
		{1D34688B-3774-472A-B3A0-4521749EC60A}.Release|Any CPU.ActiveCfg = Release|Any CPU
		{1D34688B-3774-472A-B3A0-4521749EC60A}.Release|Any CPU.Build.0 = Release|Any CPU
		{35761C26-1C0C-4830-810B-6BAF5C96EC99}.Debug|Any CPU.ActiveCfg = Debug|Any CPU
		{35761C26-1C0C-4830-810B-6BAF5C96EC99}.Debug|Any CPU.Build.0 = Debug|Any CPU
		{35761C26-1C0C-4830-810B-6BAF5C96EC99}.Release|Any CPU.ActiveCfg = Release|Any CPU
		{35761C26-1C0C-4830-810B-6BAF5C96EC99}.Release|Any CPU.Build.0 = Release|Any CPU
		{F9C85354-9771-4E64-95F5-34DA775430A2}.Debug|Any CPU.ActiveCfg = Debug|Any CPU
		{F9C85354-9771-4E64-95F5-34DA775430A2}.Debug|Any CPU.Build.0 = Debug|Any CPU
		{F9C85354-9771-4E64-95F5-34DA775430A2}.Release|Any CPU.ActiveCfg = Release|Any CPU
		{F9C85354-9771-4E64-95F5-34DA775430A2}.Release|Any CPU.Build.0 = Release|Any CPU
		{A204F1C5-B3EE-4AE9-8D36-13F975B1D2D4}.Debug|Any CPU.ActiveCfg = Debug|Any CPU
		{A204F1C5-B3EE-4AE9-8D36-13F975B1D2D4}.Debug|Any CPU.Build.0 = Debug|Any CPU
		{A204F1C5-B3EE-4AE9-8D36-13F975B1D2D4}.Release|Any CPU.ActiveCfg = Release|Any CPU
		{A204F1C5-B3EE-4AE9-8D36-13F975B1D2D4}.Release|Any CPU.Build.0 = Release|Any CPU
	EndGlobalSection
	GlobalSection(SolutionProperties) = preSolution
		HideSolutionNode = FALSE
	EndGlobalSection
	GlobalSection(NestedProjects) = preSolution
		{1D34688B-3774-472A-B3A0-4521749EC60A} = {02EA681E-C7D8-13C7-8484-4AC65E1B71E8}
		{35761C26-1C0C-4830-810B-6BAF5C96EC99} = {02EA681E-C7D8-13C7-8484-4AC65E1B71E8}
		{A204F1C5-B3EE-4AE9-8D36-13F975B1D2D4} = {02EA681E-C7D8-13C7-8484-4AC65E1B71E8}
	EndGlobalSection
	GlobalSection(ExtensibilityGlobals) = postSolution
		SolutionGuid = {6D59E022-3044-4123-885A-37C12B923337}
	EndGlobalSection
EndGlobal
